
Microsoft Visual Studio Solution File, Format Version 12.00
# Visual Studio Version 17
VisualStudioVersion = 17.5.002.0
MinimumVisualStudioVersion = 10.0.40219.1
Project("{2150E333-8FDC-42A3-9474-1A3956D46DE8}") = "Labfiles", "Labfiles", "{F3968C67-49F5-4D99-8AA4-D715CABAC756}"
EndProject
Project("{2150E333-8FDC-42A3-9474-1A3956D46DE8}") = "01-analyze-text", "01-analyze-text", "{E6E6A924-DB29-4A02-926B-B6A72FDCC229}"
EndProject
Project("{2150E333-8FDC-42A3-9474-1A3956D46DE8}") = "C-Sharp", "C-Sharp", "{105B027C-0506-4D98-86E8-6F0393306794}"
EndProject
Project("{9A19103F-16F7-4668-BE54-9A1E7A4F7556}") = "text-analysis", "Labfiles\01-analyze-text\C-Sharp\text-analysis\text-analysis.csproj", "{4D94EC9F-E9D5-45F3-912A-9EC0E7B58919}"
EndProject
Project("{2150E333-8FDC-42A3-9474-1A3956D46DE8}") = "02-qna", "02-qna", "{DA0C214C-4C33-412D-99D7-500353E507F6}"
EndProject
Project("{2150E333-8FDC-42A3-9474-1A3956D46DE8}") = "C-Sharp", "C-Sharp", "{0AFD84DC-6250-400B-ADF1-FCB0260538F5}"
EndProject
Project("{9A19103F-16F7-4668-BE54-9A1E7A4F7556}") = "qna-app", "Labfiles\02-qna\C-Sharp\qna-app\qna-app.csproj", "{6BFA8991-64F0-4504-B770-6F334DA5ABD5}"
EndProject
Project("{2150E333-8FDC-42A3-9474-1A3956D46DE8}") = "03-language", "03-language", "{B3315718-CF55-4E2A-AF43-F7BEDA1B6DD5}"
EndProject
Project("{2150E333-8FDC-42A3-9474-1A3956D46DE8}") = "C-Sharp", "C-Sharp", "{8F825B45-0B40-4F85-ABF4-70AD21734095}"
EndProject
Project("{9A19103F-16F7-4668-BE54-9A1E7A4F7556}") = "clock_client", "Labfiles\03-language\C-Sharp\clock-client\clock_client.csproj", "{CB72DB8D-970A-4387-93F1-65B15BD83508}"
EndProject
Project("{2150E333-8FDC-42A3-9474-1A3956D46DE8}") = "04-text-classification", "04-text-classification", "{7271B677-A5E5-4998-B7DC-EBE3C39AAAB7}"
EndProject
Project("{2150E333-8FDC-42A3-9474-1A3956D46DE8}") = "C-Sharp", "C-Sharp", "{E71BC659-A7FF-42C8-8084-6FCFC7D11991}"
EndProject
Project("{9A19103F-16F7-4668-BE54-9A1E7A4F7556}") = "classify-text", "Labfiles\04-text-classification\C-Sharp\classify-text\classify-text.csproj", "{1AF812E8-A752-4D97-8142-57B4F5BC3802}"
EndProject
Project("{2150E333-8FDC-42A3-9474-1A3956D46DE8}") = "05-custom-entity-recognition", "05-custom-entity-recognition", "{EC3A9122-069C-4A4E-90EA-5C8B27E147E4}"
EndProject
Project("{2150E333-8FDC-42A3-9474-1A3956D46DE8}") = "C-Sharp", "C-Sharp", "{40F1EF87-0DFE-4CF8-AE24-64ACE1CD40A4}"
EndProject
Project("{9A19103F-16F7-4668-BE54-9A1E7A4F7556}") = "custom-entities", "Labfiles\05-custom-entity-recognition\C-Sharp\custom-entities\custom-entities.csproj", "{6CC248DB-00B3-4609-8085-37F93B8287A6}"
EndProject
Project("{2150E333-8FDC-42A3-9474-1A3956D46DE8}") = "06-translate-text", "06-translate-text", "{D9D7655B-BF8B-480F-8BFD-83E98C3DC194}"
EndProject
Project("{2150E333-8FDC-42A3-9474-1A3956D46DE8}") = "C-Sharp", "C-Sharp", "{C7B91253-BD62-45B9-BD70-9BF109459E29}"
EndProject
Project("{9A19103F-16F7-4668-BE54-9A1E7A4F7556}") = "translate_text", "Labfiles\06-translate-text\C-Sharp\text-translation\translate_text.csproj", "{8BBCBE15-13C7-4CE7-82ED-AB375508FC62}"
EndProject
Project("{2150E333-8FDC-42A3-9474-1A3956D46DE8}") = "06b-translator-sdk", "06b-translator-sdk", "{344251E0-3E52-4E1F-9366-23D0AABFDE0D}"
EndProject
Project("{2150E333-8FDC-42A3-9474-1A3956D46DE8}") = "C-Sharp", "C-Sharp", "{10F4ED1C-FF9D-4BAE-8F52-85071B8403B8}"
EndProject
Project("{9A19103F-16F7-4668-BE54-9A1E7A4F7556}") = "translate_text", "Labfiles\06b-translator-sdk\C-Sharp\translate-text\translate_text.csproj", "{EB589CF4-94A1-432A-82D2-358850095AEE}"
EndProject
Project("{2150E333-8FDC-42A3-9474-1A3956D46DE8}") = "07-speech", "07-speech", "{07FC8E79-A7B6-45D8-AAE2-6C7C05671555}"
EndProject
Project("{2150E333-8FDC-42A3-9474-1A3956D46DE8}") = "C-Sharp", "C-Sharp", "{A600CE75-33D9-4543-AAA3-303E903D9F48}"
EndProject
Project("{9A19103F-16F7-4668-BE54-9A1E7A4F7556}") = "speaking-clock", "Labfiles\07-speech\C-Sharp\speaking-clock\speaking-clock.csproj", "{9957179F-4943-4889-AF58-298645DF6532}"
EndProject
Project("{2150E333-8FDC-42A3-9474-1A3956D46DE8}") = "08-speech-translation", "08-speech-translation", "{432687B2-1661-43E2-914E-C521055809ED}"
EndProject
Project("{2150E333-8FDC-42A3-9474-1A3956D46DE8}") = "C-Sharp", "C-Sharp", "{E41728D8-4B6E-4BC2-9A05-2932143F2E74}"
EndProject
Project("{9A19103F-16F7-4668-BE54-9A1E7A4F7556}") = "translator", "Labfiles\08-speech-translation\C-Sharp\translator\translator.csproj", "{15959BBC-AE8C-4253-912D-10B1703226AF}"
EndProject
Global
	GlobalSection(SolutionConfigurationPlatforms) = preSolution
		Debug|Any CPU = Debug|Any CPU
		Release|Any CPU = Release|Any CPU
	EndGlobalSection
	GlobalSection(ProjectConfigurationPlatforms) = postSolution
		{4D94EC9F-E9D5-45F3-912A-9EC0E7B58919}.Debug|Any CPU.ActiveCfg = Debug|Any CPU
		{4D94EC9F-E9D5-45F3-912A-9EC0E7B58919}.Debug|Any CPU.Build.0 = Debug|Any CPU
		{4D94EC9F-E9D5-45F3-912A-9EC0E7B58919}.Release|Any CPU.ActiveCfg = Release|Any CPU
		{4D94EC9F-E9D5-45F3-912A-9EC0E7B58919}.Release|Any CPU.Build.0 = Release|Any CPU
		{6BFA8991-64F0-4504-B770-6F334DA5ABD5}.Debug|Any CPU.ActiveCfg = Debug|Any CPU
		{6BFA8991-64F0-4504-B770-6F334DA5ABD5}.Debug|Any CPU.Build.0 = Debug|Any CPU
		{6BFA8991-64F0-4504-B770-6F334DA5ABD5}.Release|Any CPU.ActiveCfg = Release|Any CPU
		{6BFA8991-64F0-4504-B770-6F334DA5ABD5}.Release|Any CPU.Build.0 = Release|Any CPU
		{CB72DB8D-970A-4387-93F1-65B15BD83508}.Debug|Any CPU.ActiveCfg = Debug|Any CPU
		{CB72DB8D-970A-4387-93F1-65B15BD83508}.Debug|Any CPU.Build.0 = Debug|Any CPU
		{CB72DB8D-970A-4387-93F1-65B15BD83508}.Release|Any CPU.ActiveCfg = Release|Any CPU
		{CB72DB8D-970A-4387-93F1-65B15BD83508}.Release|Any CPU.Build.0 = Release|Any CPU
		{1AF812E8-A752-4D97-8142-57B4F5BC3802}.Debug|Any CPU.ActiveCfg = Debug|Any CPU
		{1AF812E8-A752-4D97-8142-57B4F5BC3802}.Debug|Any CPU.Build.0 = Debug|Any CPU
		{1AF812E8-A752-4D97-8142-57B4F5BC3802}.Release|Any CPU.ActiveCfg = Release|Any CPU
		{1AF812E8-A752-4D97-8142-57B4F5BC3802}.Release|Any CPU.Build.0 = Release|Any CPU
		{6CC248DB-00B3-4609-8085-37F93B8287A6}.Debug|Any CPU.ActiveCfg = Debug|Any CPU
		{6CC248DB-00B3-4609-8085-37F93B8287A6}.Debug|Any CPU.Build.0 = Debug|Any CPU
		{6CC248DB-00B3-4609-8085-37F93B8287A6}.Release|Any CPU.ActiveCfg = Release|Any CPU
		{6CC248DB-00B3-4609-8085-37F93B8287A6}.Release|Any CPU.Build.0 = Release|Any CPU
		{8BBCBE15-13C7-4CE7-82ED-AB375508FC62}.Debug|Any CPU.ActiveCfg = Debug|Any CPU
		{8BBCBE15-13C7-4CE7-82ED-AB375508FC62}.Debug|Any CPU.Build.0 = Debug|Any CPU
		{8BBCBE15-13C7-4CE7-82ED-AB375508FC62}.Release|Any CPU.ActiveCfg = Release|Any CPU
		{8BBCBE15-13C7-4CE7-82ED-AB375508FC62}.Release|Any CPU.Build.0 = Release|Any CPU
		{EB589CF4-94A1-432A-82D2-358850095AEE}.Debug|Any CPU.ActiveCfg = Debug|Any CPU
		{EB589CF4-94A1-432A-82D2-358850095AEE}.Debug|Any CPU.Build.0 = Debug|Any CPU
		{EB589CF4-94A1-432A-82D2-358850095AEE}.Release|Any CPU.ActiveCfg = Release|Any CPU
		{EB589CF4-94A1-432A-82D2-358850095AEE}.Release|Any CPU.Build.0 = Release|Any CPU
		{9957179F-4943-4889-AF58-298645DF6532}.Debug|Any CPU.ActiveCfg = Debug|Any CPU
		{9957179F-4943-4889-AF58-298645DF6532}.Debug|Any CPU.Build.0 = Debug|Any CPU
		{9957179F-4943-4889-AF58-298645DF6532}.Release|Any CPU.ActiveCfg = Release|Any CPU
		{9957179F-4943-4889-AF58-298645DF6532}.Release|Any CPU.Build.0 = Release|Any CPU
		{15959BBC-AE8C-4253-912D-10B1703226AF}.Debug|Any CPU.ActiveCfg = Debug|Any CPU
		{15959BBC-AE8C-4253-912D-10B1703226AF}.Debug|Any CPU.Build.0 = Debug|Any CPU
		{15959BBC-AE8C-4253-912D-10B1703226AF}.Release|Any CPU.ActiveCfg = Release|Any CPU
		{15959BBC-AE8C-4253-912D-10B1703226AF}.Release|Any CPU.Build.0 = Release|Any CPU
	EndGlobalSection
	GlobalSection(SolutionProperties) = preSolution
		HideSolutionNode = FALSE
	EndGlobalSection
	GlobalSection(NestedProjects) = preSolution
		{E6E6A924-DB29-4A02-926B-B6A72FDCC229} = {F3968C67-49F5-4D99-8AA4-D715CABAC756}
		{105B027C-0506-4D98-86E8-6F0393306794} = {E6E6A924-DB29-4A02-926B-B6A72FDCC229}
		{4D94EC9F-E9D5-45F3-912A-9EC0E7B58919} = {105B027C-0506-4D98-86E8-6F0393306794}
		{DA0C214C-4C33-412D-99D7-500353E507F6} = {F3968C67-49F5-4D99-8AA4-D715CABAC756}
		{0AFD84DC-6250-400B-ADF1-FCB0260538F5} = {DA0C214C-4C33-412D-99D7-500353E507F6}
		{6BFA8991-64F0-4504-B770-6F334DA5ABD5} = {0AFD84DC-6250-400B-ADF1-FCB0260538F5}
		{B3315718-CF55-4E2A-AF43-F7BEDA1B6DD5} = {F3968C67-49F5-4D99-8AA4-D715CABAC756}
		{8F825B45-0B40-4F85-ABF4-70AD21734095} = {B3315718-CF55-4E2A-AF43-F7BEDA1B6DD5}
		{CB72DB8D-970A-4387-93F1-65B15BD83508} = {8F825B45-0B40-4F85-ABF4-70AD21734095}
		{7271B677-A5E5-4998-B7DC-EBE3C39AAAB7} = {F3968C67-49F5-4D99-8AA4-D715CABAC756}
		{E71BC659-A7FF-42C8-8084-6FCFC7D11991} = {7271B677-A5E5-4998-B7DC-EBE3C39AAAB7}
		{1AF812E8-A752-4D97-8142-57B4F5BC3802} = {E71BC659-A7FF-42C8-8084-6FCFC7D11991}
		{EC3A9122-069C-4A4E-90EA-5C8B27E147E4} = {F3968C67-49F5-4D99-8AA4-D715CABAC756}
		{40F1EF87-0DFE-4CF8-AE24-64ACE1CD40A4} = {EC3A9122-069C-4A4E-90EA-5C8B27E147E4}
		{6CC248DB-00B3-4609-8085-37F93B8287A6} = {40F1EF87-0DFE-4CF8-AE24-64ACE1CD40A4}
		{D9D7655B-BF8B-480F-8BFD-83E98C3DC194} = {F3968C67-49F5-4D99-8AA4-D715CABAC756}
		{C7B91253-BD62-45B9-BD70-9BF109459E29} = {D9D7655B-BF8B-480F-8BFD-83E98C3DC194}
		{8BBCBE15-13C7-4CE7-82ED-AB375508FC62} = {C7B91253-BD62-45B9-BD70-9BF109459E29}
		{344251E0-3E52-4E1F-9366-23D0AABFDE0D} = {F3968C67-49F5-4D99-8AA4-D715CABAC756}
		{10F4ED1C-FF9D-4BAE-8F52-85071B8403B8} = {344251E0-3E52-4E1F-9366-23D0AABFDE0D}
		{EB589CF4-94A1-432A-82D2-358850095AEE} = {10F4ED1C-FF9D-4BAE-8F52-85071B8403B8}
		{07FC8E79-A7B6-45D8-AAE2-6C7C05671555} = {F3968C67-49F5-4D99-8AA4-D715CABAC756}
		{A600CE75-33D9-4543-AAA3-303E903D9F48} = {07FC8E79-A7B6-45D8-AAE2-6C7C05671555}
		{9957179F-4943-4889-AF58-298645DF6532} = {A600CE75-33D9-4543-AAA3-303E903D9F48}
		{432687B2-1661-43E2-914E-C521055809ED} = {F3968C67-49F5-4D99-8AA4-D715CABAC756}
		{E41728D8-4B6E-4BC2-9A05-2932143F2E74} = {432687B2-1661-43E2-914E-C521055809ED}
		{15959BBC-AE8C-4253-912D-10B1703226AF} = {E41728D8-4B6E-4BC2-9A05-2932143F2E74}
	EndGlobalSection
	GlobalSection(ExtensibilityGlobals) = postSolution
		SolutionGuid = {6D2D6B08-4255-401A-8F8A-076E0C66C3B4}
	EndGlobalSection
EndGlobal
